# This file may be used to create an environment using:
# $ conda create --name <env> --file <this file>
# platform: linux-64
@EXPLICIT
https://conda.anaconda.org/conda-forge/linux-64/libgomp-16.2.0-he0feb66_4.conda#89d2c1231f47bd818f5d624b9411459d
https://conda.anaconda.org/conda-forge/linux-64/_openmp_mutex-4.5-20_gnu.conda#a9f577daf3de00bca7c3c76c0ecbd1de
https://conda.anaconda.org/conda-forge/linux-64/libgcc-16.2.0-ha9f2e26_4.conda#cba14d01083fc62ffd32c24d7d390633
https://conda.anaconda.org/conda-forge/linux-64/bzip2-1.0.8-hda65f42_10.conda#e675fabcf81499adc7edf58124fb1e01
https://conda.anaconda.org/conda-forge/linux-64/libzlib-1.3.2-h25fd6f3_3.conda#0de0122d9570a8ab637c6b73db268389
https://conda.anaconda.org/conda-forge/linux-64/zstd-1.5.7-hb78ec9c_7.conda#aa459086047c0e5e27023ab19f8cb86a
https://conda.anaconda.org/conda-forge/linux-64/ld_impl_linux-64-2.46.1-default_hbd61a6d_102.conda#449500f2c089da11c40f5c21312e3e07
https://conda.anaconda.org/conda-forge/linux-64/libexpat-2.8.1-hecca717_1.conda#b24d3c612f71e7aa74158d92106318b2
https://conda.anaconda.org/conda-forge/linux-64/libffi-3.7.0-h81df57d_1.conda#6525a0b06aa4fd390795f0740636a9dd
https://conda.anaconda.org/conda-forge/linux-64/liblzma-5.8.3-hb03c661_1.conda#1390b7c5ac0b1d8e447bc5efa6d3c8c2
https://conda.anaconda.org/conda-forge/linux-64/libnsl-2.0.1-hb9d3cd8_1.conda#d864d34357c3b65a4b731f78c0801dc4
https://conda.anaconda.org/conda-forge/linux-64/libstdcxx-16.2.0-h934c35e_4.conda#2f2ef0d96de5bdd8c1270ff22fdf9352
https://conda.anaconda.org/conda-forge/linux-64/libpython-3.11.16-h0c77377_2_cpython.conda#55c7bd7fa76a498266addcddf2356647
https://conda.anaconda.org/conda-forge/linux-64/icu-78.3-py310h44b86e0_2.conda#72a381cbad04f24b1c2a43ef707f45b4
https://conda.anaconda.org/conda-forge/linux-64/libsqlite-3.53.4-h13e7031_1.conda#e72bbec309c2b0f37823ee7d4fabfcd3
https://conda.anaconda.org/conda-forge/linux-64/libuuid-2.42.3-hcfc3c73_0.conda#74a0a409d9f4561265d36b789d3f398a
https://conda.anaconda.org/conda-forge/linux-64/libxcrypt-4.4.38-h280c20c_0.conda#f7a7ff5a6ab331e037abd34f379a631d
https://conda.anaconda.org/conda-forge/linux-64/ncurses-6.6-hdb14827_1.conda#ee6c0cd80a60961a1f48aa3e0b91f986
https://conda.anaconda.org/conda-forge/noarch/ca-certificates-2026.7.22-hbd8a1cb_0.conda#0f51e2391ade309db462a55611263e9c
https://conda.anaconda.org/conda-forge/linux-64/openssl-3.6.4-h781a0a9_0.conda#16e3034a330cc625f2c685edec60cf4e
https://conda.anaconda.org/conda-forge/linux-64/readline-8.3-hd6e31c0_1.conda#69c01c781e7c8190bbdaf79e3848c5ca
https://conda.anaconda.org/conda-forge/linux-64/tk-8.6.13-noxft_h1df4ec4_4.conda#676a2f9b1c4fcf57b70aa5c65f6c60d0
https://conda.anaconda.org/conda-forge/noarch/tzdata-2026c-h151e31d_0.conda#fcb489df604d100968b737f2cb6076c6
https://conda.anaconda.org/conda-forge/linux-64/python-3.11.16-h5f976f7_2_cpython.conda#1d34da7fd53578abed31372e70a7ef4e
https://conda.anaconda.org/conda-forge/noarch/python_abi-3.11-9_cp311.conda#18e91a03be08122180f208723e42a52e
https://conda.anaconda.org/conda-forge/noarch/cpython-3.11.16-py311hd8ed1ab_2.conda#18b8c7456c7a5052ca5d0002957a6f29
https://conda.anaconda.org/conda-forge/noarch/python-gil-3.11.16-hd8ed1ab_2.conda#fab671748c957da704c76efb0686dcdb
https://conda.anaconda.org/conda-forge/noarch/_python_abi3_support-1.0-hd8ed1ab_3.conda#3845f3d75991bae0fb90884662f4327c
https://conda.anaconda.org/conda-forge/noarch/typing_extensions-4.16.0-pyhcf101f3_0.conda#c70ad746c22219b9700931707482992c
https://conda.anaconda.org/conda-forge/noarch/typing-extensions-4.16.0-h69aa097_0.conda#c680b5747e8c4c8f23dca0bb7042a8fc
https://conda.anaconda.org/conda-forge/noarch/annotated-types-0.8.0-pyhd8ed1ab_0.conda#108c928d2a8551832dbc762b535e90bb
https://conda.anaconda.org/conda-forge/noarch/idna-3.19-pyhcf101f3_0.conda#a39ae05027e9b707742e41b30d296b75
https://conda.anaconda.org/conda-forge/noarch/anyio-4.15.1-pyh5ded981_1.conda#33cdc5ba7c481b371f08f88e6c048c55
https://conda.anaconda.org/conda-forge/noarch/archspec-0.2.5-pyhd8ed1ab_0.conda#845b38297fca2f2d18a29748e2ece7fa
https://conda.anaconda.org/conda-forge/linux-64/backports.zstd-1.7.0-py311h6f959d0_1.conda#30f9861fbea080176375281b31055fc0
https://conda.anaconda.org/conda-forge/noarch/boltons-26.2.0-pyhd8ed1ab_0.conda#52f3c30dbe025efb8050021f35648949
https://conda.anaconda.org/conda-forge/linux-64/brotli-python-1.2.0-py311heb3be6f_4.conda#7f5e2b7716d10c9a762ee94112143ca8
https://conda.anaconda.org/conda-forge/linux-64/c-ares-1.34.8-hebe6cf0_2.conda#3ad2b403be8fc5612b9159e2ce621f69
https://conda.anaconda.org/conda-forge/noarch/cached_property-2.0.1-pyhcf101f3_0.conda#256d863ded0f79464391a075944d24a6
https://conda.anaconda.org/conda-forge/noarch/cached-property-2.0.1-pyhcf101f3_0.conda#70e764e549c6c25de5e429d6e4a28b39
https://conda.anaconda.org/conda-forge/noarch/certifi-2026.7.22-pyhd8ed1ab_0.conda#37e13edbe3b48f1095a9d085ef9cd83b
https://conda.anaconda.org/conda-forge/noarch/charset-normalizer-3.5.1-pyhd8ed1ab_0.conda#e0ac3accc64e23e40969d660e5f58ac8
https://conda.anaconda.org/conda-forge/noarch/colorama-0.4.6-pyhd8ed1ab_1.conda#962b9857ee8e7018c22f2776ffa0b2d7
https://conda.anaconda.org/conda-forge/linux-64/fmt-12.1.0-h76c4fd7_1.conda#a70bb6d42ad121aef456e0007e92bed6
https://conda.anaconda.org/conda-forge/linux-64/cpp-expected-1.3.1-h171cf75_1.conda#451367db888b29ad0db6b298669fbe77
https://conda.anaconda.org/conda-forge/linux-64/libiconv-1.18-h0cb94f2_3.conda#f92233bf33e24a25668bb2119e2c51f9
https://conda.anaconda.org/conda-forge/linux-64/libxml2-16-2.15.4-hf3af7cc_0.conda#b7545c57a73a51d72aa6eee5695cf051
https://conda.anaconda.org/conda-forge/linux-64/libxml2-2.15.4-h7df9aa5_0.conda#ea192d1ef556bf1d55de4acb8c0f5b65
https://conda.anaconda.org/conda-forge/linux-64/lz4-c-1.10.0-hee9eb32_2.conda#e38a3253d72ab07d471483f24947e2a2
https://conda.anaconda.org/conda-forge/linux-64/lzo-2.10-hebe6cf0_1003.conda#10e0aa58ed390ba598b728badf9eb1b7
https://conda.anaconda.org/conda-forge/linux-64/libarchive-3.8.9-gpl_h3152399_101.conda#680520cff78a974d564cd99cdf5ec0b5
https://conda.anaconda.org/conda-forge/linux-64/keyutils-1.6.3-h7cc23a3_1.conda#ba55d1b89fd7775e67de8291029b4059
https://conda.anaconda.org/conda-forge/linux-64/libedit-3.1.20250104-pl5321h373387f_1.conda#50708d3b951d0f8e2d7f2df5b5edc040
https://conda.anaconda.org/conda-forge/linux-64/krb5-1.22.2-hbc21106_2.conda#53318d715316929a574f83591308b1f8
https://conda.anaconda.org/conda-forge/linux-64/libev-4.33-h280c20c_3.conda#7bc31538d6e3fb349e897353969237ec
https://conda.anaconda.org/conda-forge/linux-64/libnghttp2-1.68.1-h74cf4be_1.conda#75d211f04ac87506f1f43420712a69fe
https://conda.anaconda.org/conda-forge/linux-64/libpsl-0.23.1-hd9e3e90_1.conda#77be60417aa572afcb48cbe0f967401d
https://conda.anaconda.org/conda-forge/linux-64/libssh2-1.11.1-h6154650_1.conda#5c526561e1d2a2e071941174eae84557
https://conda.anaconda.org/conda-forge/linux-64/libcurl-8.22.0-ha042cf0_0.conda#e617deee7af8eb0c04f6296d12b54157
https://conda.anaconda.org/conda-forge/linux-64/libmsgpack-c-6.1.0-h54a6638_7.conda#9ab61308317dbf6609e2142b16b792a5
https://conda.anaconda.org/conda-forge/linux-64/libsolv-0.7.39-h72ddc62_1.conda#f5ac3845eb3e5a6c74100e3a7730c110
https://conda.anaconda.org/conda-forge/noarch/nlohmann_json-abi-3.12.0-h0f90c79_2.conda#849b8852621992c3f3a1901c939a0399
https://conda.anaconda.org/conda-forge/linux-64/reproc-14.2.8.post0-hee9eb32_0.conda#3248db26fec71163db19d13fbabecd42
https://conda.anaconda.org/conda-forge/linux-64/reproc-cpp-14.2.8.post0-h1c70be6_0.conda#04afaf7b13f8ac3c947230a24d835c94
https://conda.anaconda.org/conda-forge/linux-64/simdjson-4.6.11-h4dbf13b_0.conda#a65fbdd7742df8c2e87304a988889e4f
https://conda.anaconda.org/conda-forge/linux-64/spdlog-1.17.0-hb6aa676_2.conda#5e32ceeb7b9514ce4730565052829dbd
https://conda.anaconda.org/conda-forge/linux-64/yaml-cpp-0.8.0-h54a6638_1.conda#18bf4b05b458fb8135987e47364f3dcb
https://conda.anaconda.org/conda-forge/linux-64/libmamba-2.9.0-py314h6ba947b_0.conda#6dd4342973ab963fe98e1fcd3df5d9e2
https://conda.anaconda.org/conda-forge/linux-64/libmamba-spdlog-2.9.0-h5efa3ab_0.conda#ebe4fe5bfcc3e9217c94fe8926696952
https://conda.anaconda.org/conda-forge/noarch/pybind11-abi-11-hc364b38_1.conda#f0599959a2447c1e544e216bddf393fa
https://conda.anaconda.org/conda-forge/linux-64/libmambapy-2.9.0-py311hc5ee933_0.conda#3755704b2233e497a9596fef50547f0a
https://conda.anaconda.org/conda-forge/noarch/conda-libmamba-solver-26.7.0-pyhcf101f3_0.conda#49592004caf4336815fd5282bbb72172
https://conda.anaconda.org/conda-forge/linux-64/pydantic-core-2.46.5-py311ha6e1976_1.conda#5e2d89867688b49795363286e5d9360e
https://conda.anaconda.org/conda-forge/noarch/typing-inspection-0.4.4-pyhcf101f3_0.conda#880e91eac5d926568ef278e20554148e
https://conda.anaconda.org/conda-forge/noarch/pydantic-2.13.5-pyhcf101f3_0.conda#2d0f9304fc1cb1e3e94e7b37c14cd70a
https://conda.anaconda.org/conda-forge/linux-64/ruamel.yaml.clib-0.2.15-py311h194be0f_5.conda#e717037e5933d798cc1e84cc48a5abc9
https://conda.anaconda.org/conda-forge/noarch/ruamel.yaml-0.19.1-pyhcf101f3_0.conda#06ad944772941d5dae1e0d09848d8e49
https://conda.anaconda.org/conda-forge/noarch/conda-lockfiles-0.2.1-pyhd8ed1ab_0.conda#7f1b127b170f9f0d01eca4b54a046ee5
https://conda.anaconda.org/conda-forge/noarch/conda-package-streaming-0.13.0-pyhd8ed1ab_0.conda#b4e3dcace82b486f69bc693f30120205
https://conda.anaconda.org/conda-forge/noarch/hpack-4.2.0-pyhd8ed1ab_0.conda#b395909221b9bd1df066e5930e18855b
https://conda.anaconda.org/conda-forge/noarch/hyperframe-6.1.0-pyhd8ed1ab_0.conda#8e6923fc12f1fe8f8c4e5c9f343256ac
https://conda.anaconda.org/conda-forge/noarch/h2-4.4.1-pyhcf101f3_0.conda#e652ac7756069c456d0da2a922cd7df5
https://conda.anaconda.org/conda-forge/noarch/pysocks-1.7.1-pyha55dd90_7.conda#461219d1a5bd61342293efa2c0c90eac
https://conda.anaconda.org/conda-forge/noarch/urllib3-2.7.0-pyhd8ed1ab_0.conda#cbb88288f74dbe6ada1c6c7d0a97223e
https://conda.anaconda.org/conda-forge/noarch/requests-2.34.2-pyhcf101f3_0.conda#4a85203c1d80c1059086ae860836ffb9
https://conda.anaconda.org/conda-forge/noarch/conda-package-handling-2.6.0-pyh5ded981_0.conda#412f13a9700d4455dfca5c5e23be9404
https://conda.anaconda.org/conda-forge/linux-64/markupsafe-3.0.3-py311h3778330_1.conda#f9efdf9b0f3d0cc309d56af6edf2a6b0
https://conda.anaconda.org/conda-forge/noarch/jinja2-3.1.6-pyhcf101f3_1.conda#04558c96691bed63104678757beb4f8d
https://conda.anaconda.org/conda-forge/linux-64/msgpack-python-1.2.2-py311h4c6fd42_2.conda#980466a8d71ee28ab17b2ec628111746
https://conda.anaconda.org/conda-forge/noarch/conda-index-0.13.0-pyh5ded981_0.conda#2f36e8e974c0c8a889870669c96a93c5
https://conda.anaconda.org/conda-forge/noarch/packaging-26.3-pyhc364b38_0.conda#936687ed80f295a1f5dbcf8bd34c252c
https://conda.anaconda.org/conda-forge/noarch/platformdirs-4.11.6-pyh5ded981_0.conda#fb0f75910f804de1d8c6e91f73673d11
https://conda.anaconda.org/conda-forge/noarch/zipp-4.1.0-pyhcf101f3_0.conda#ba3dcdc8584155c97c648ae9c044b7a3
https://conda.anaconda.org/conda-forge/noarch/importlib-metadata-9.0.1-pyhcf101f3_0.conda#77ec68e0aa61c3fff9ecbf840f93d64e
https://conda.anaconda.org/conda-forge/noarch/tomli-2.4.1-pyhcf101f3_0.conda#b5325cf06a000c5b14970462ff5e4d58
https://conda.anaconda.org/conda-forge/noarch/pyproject_hooks-1.2.0-pyhd8ed1ab_1.conda#d4582021af437c931d7d77ec39007845
https://conda.anaconda.org/conda-forge/noarch/python-build-1.6.0-pyhc364b38_0.conda#1e696c762d003f8f4af971b6dccb8c1e
https://conda.anaconda.org/conda-forge/noarch/python-installer-1.0.1-pyh332efcf_0.conda#5cc7e2e78962dc902cae9e29c2aa4b2f
https://conda.anaconda.org/conda-forge/noarch/h11-0.16.0-pyhcf101f3_1.conda#b8993c19b0c32a2f7b66cbb58ca27069
https://conda.anaconda.org/conda-forge/noarch/sniffio-1.3.1-pyhd8ed1ab_2.conda#03fe290994c5e4ec17293cfb6bdce520
https://conda.anaconda.org/conda-forge/noarch/httpcore-1.0.9-pyh29332c3_0.conda#4f14640d58e2cc0aa0819d9d8ba125bb
https://conda.anaconda.org/conda-forge/noarch/httpx-0.28.1-pyhd8ed1ab_0.conda#d6989ead454181f4f9bc987d3dc4e285
https://conda.anaconda.org/conda-forge/noarch/unearth-0.18.3-pyhd8ed1ab_0.conda#2f0f2fb0f8a61529464d95a87b10eda0
https://conda.anaconda.org/conda-forge/noarch/conda-pypi-0.12.0-pyh5ded981_0.conda#e294f0e16705c5678d8faf71636a5455
https://conda.anaconda.org/conda-forge/linux-64/py-rattler-0.25.0-py310hefeb9ab_5.conda#eeb15389d638a5a99098e9471ec35182
https://conda.anaconda.org/conda-forge/noarch/conda-rattler-solver-0.1.1-pyhcf101f3_0.conda#f5d15171925a157707e1ad165179449c
https://conda.anaconda.org/conda-forge/noarch/conda-self-0.2.1-pyhd8ed1ab_0.conda#ac705504abf28bb924a021a3d5f4b55f
https://conda.anaconda.org/conda-forge/noarch/distro-1.9.0-pyhd8ed1ab_1.conda#0a2014fd9860f8b1eaa0b1f3d3771a08
https://conda.anaconda.org/conda-forge/noarch/frozendict-2.4.7-pyh851646a_2.conda#43fdb6bcc1227a22290d0bc02a9484c9
https://conda.anaconda.org/conda-forge/noarch/tomli-w-1.2.0-pyhd8ed1ab_0.conda#32e37e8fe9ef45c637ee38ad51377769
https://conda.anaconda.org/conda-forge/linux-64/menuinst-2.5.2-py311hf8ae3fa_2.conda#a53033a6087f707b045be637ccb4b81d
https://conda.anaconda.org/conda-forge/noarch/pluggy-1.6.0-pyhf9edf01_1.conda#d7585b6550ad04c8c5e21097ada2888e
https://conda.anaconda.org/conda-forge/linux-64/pycosat-0.6.6-py311h0d48ccd_5.conda#aaf4405628ebec5ad160ba9d71c1884b
https://conda.anaconda.org/conda-forge/noarch/setuptools-84.0.0-pyh332efcf_0.conda#62ac906f1cd582c6c264c95625cb9d6f
https://conda.anaconda.org/conda-forge/noarch/tqdm-4.70.0-pyh8f84b5b_0.conda#00953c3b729e03b0ae21f49fdf3441bb
https://conda.anaconda.org/conda-forge/noarch/truststore-0.10.4-pyhcf101f3_0.conda#c2db35b004913ec69bcac64fb0783de0
https://conda.anaconda.org/conda-forge/linux-64/conda-26.7.2-py311hf8ae3fa_1.conda#54350c89df7ceb3455997a05c130daea
https://conda.anaconda.org/conda-forge/noarch/wheel-0.48.0-pyhd8ed1ab_0.conda#9a2124517bfd5d792e0f7b86eefdfeb8
https://conda.anaconda.org/conda-forge/noarch/pip-26.2.1-pyh8b19718_0.conda#77b6cf3b0689d9fc68561df0db9b856d
